
Microsoft Visual Studio Solution File, Format Version 12.00
# Visual Studio Version 17
VisualStudioVersion = 17.4.32804.182
MinimumVisualStudioVersion = 10.0.40219.1
Project("{2150E333-8FDC-42A3-9474-1A3956D46DE8}") = "src", "src", "{E08D89B7-1BB4-48EB-8D62-495AC7FBF955}"
EndProject
Project("{2150E333-8FDC-42A3-9474-1A3956D46DE8}") = "Common", "Common", "{97CC9A27-42E6-47A4-B99C-5F1A1BCF8955}"
EndProject
Project("{9A19103F-16F7-4668-BE54-9A1E7A4F7556}") = "Common.Core", "..\Common\src\Common.Core\Common.Core.csproj", "{FDA6E1B2-D7CD-42EC-83A4-CCF9E4CCB8B5}"
EndProject
Project("{9A19103F-16F7-4668-BE54-9A1E7A4F7556}") = "Common.EFCore", "..\Common\src\Common.EFCore\Common.EFCore.csproj", "{04047519-A8FE-46FD-9CBF-9F508625ABBE}"
EndProject
Project("{9A19103F-16F7-4668-BE54-9A1E7A4F7556}") = "PassBox.Mobile", "src\PassBox.Mobile\PassBox.Mobile.csproj", "{C7BEB9FE-9ADE-4F2D-BD81-936FC1969ED7}"
EndProject
Project("{9A19103F-16F7-4668-BE54-9A1E7A4F7556}") = "PassBox.Domain", "src\PassBox.Domain\PassBox.Domain.csproj", "{E0300F81-304C-42C3-8E9E-41BF39A0B596}"
EndProject
Project("{9A19103F-16F7-4668-BE54-9A1E7A4F7556}") = "PassBox.Infrastructure.Data", "src\PassBox.Infrastructure.Data\PassBox.Infrastructure.Data.csproj", "{B3AAEACD-8860-4882-AB2E-0492EA2C3F41}"
EndProject
Project("{FAE04EC0-301F-11D3-BF4B-00C04F79EFBC}") = "PassBox.Services", "src\PassBox.Services\PassBox.Services.csproj", "{4A726070-6908-4881-88F9-D87F2E61053C}"
EndProject
Project("{2150E333-8FDC-42A3-9474-1A3956D46DE8}") = "test", "test", "{19917020-6E17-4661-A06D-5ADC0A5572D2}"
EndProject
Project("{FAE04EC0-301F-11D3-BF4B-00C04F79EFBC}") = "PassBox.Services.Test", "src\PassBox.Services.Test\PassBox.Services.Test.csproj", "{B246376B-EAAF-44C6-AC15-DF993E80CAC0}"
EndProject
Global
	GlobalSection(SolutionConfigurationPlatforms) = preSolution
		Debug|Any CPU = Debug|Any CPU
		Release|Any CPU = Release|Any CPU
	EndGlobalSection
	GlobalSection(ProjectConfigurationPlatforms) = postSolution
		{FDA6E1B2-D7CD-42EC-83A4-CCF9E4CCB8B5}.Debug|Any CPU.ActiveCfg = Debug|Any CPU
		{FDA6E1B2-D7CD-42EC-83A4-CCF9E4CCB8B5}.Debug|Any CPU.Build.0 = Debug|Any CPU
		{FDA6E1B2-D7CD-42EC-83A4-CCF9E4CCB8B5}.Release|Any CPU.ActiveCfg = Release|Any CPU
		{FDA6E1B2-D7CD-42EC-83A4-CCF9E4CCB8B5}.Release|Any CPU.Build.0 = Release|Any CPU
		{04047519-A8FE-46FD-9CBF-9F508625ABBE}.Debug|Any CPU.ActiveCfg = Debug|Any CPU
		{04047519-A8FE-46FD-9CBF-9F508625ABBE}.Debug|Any CPU.Build.0 = Debug|Any CPU
		{04047519-A8FE-46FD-9CBF-9F508625ABBE}.Release|Any CPU.ActiveCfg = Release|Any CPU
		{04047519-A8FE-46FD-9CBF-9F508625ABBE}.Release|Any CPU.Build.0 = Release|Any CPU
		{C7BEB9FE-9ADE-4F2D-BD81-936FC1969ED7}.Debug|Any CPU.ActiveCfg = Debug|Any CPU
		{C7BEB9FE-9ADE-4F2D-BD81-936FC1969ED7}.Debug|Any CPU.Build.0 = Debug|Any CPU
		{C7BEB9FE-9ADE-4F2D-BD81-936FC1969ED7}.Debug|Any CPU.Deploy.0 = Debug|Any CPU
		{C7BEB9FE-9ADE-4F2D-BD81-936FC1969ED7}.Release|Any CPU.ActiveCfg = Release|Any CPU
		{C7BEB9FE-9ADE-4F2D-BD81-936FC1969ED7}.Release|Any CPU.Build.0 = Release|Any CPU
		{C7BEB9FE-9ADE-4F2D-BD81-936FC1969ED7}.Release|Any CPU.Deploy.0 = Release|Any CPU
		{E0300F81-304C-42C3-8E9E-41BF39A0B596}.Debug|Any CPU.ActiveCfg = Debug|Any CPU
		{E0300F81-304C-42C3-8E9E-41BF39A0B596}.Debug|Any CPU.Build.0 = Debug|Any CPU
		{E0300F81-304C-42C3-8E9E-41BF39A0B596}.Release|Any CPU.ActiveCfg = Release|Any CPU
		{E0300F81-304C-42C3-8E9E-41BF39A0B596}.Release|Any CPU.Build.0 = Release|Any CPU
		{B3AAEACD-8860-4882-AB2E-0492EA2C3F41}.Debug|Any CPU.ActiveCfg = Debug|Any CPU
		{B3AAEACD-8860-4882-AB2E-0492EA2C3F41}.Debug|Any CPU.Build.0 = Debug|Any CPU
		{B3AAEACD-8860-4882-AB2E-0492EA2C3F41}.Release|Any CPU.ActiveCfg = Release|Any CPU
		{B3AAEACD-8860-4882-AB2E-0492EA2C3F41}.Release|Any CPU.Build.0 = Release|Any CPU
		{4A726070-6908-4881-88F9-D87F2E61053C}.Debug|Any CPU.ActiveCfg = Debug|Any CPU
		{4A726070-6908-4881-88F9-D87F2E61053C}.Debug|Any CPU.Build.0 = Debug|Any CPU
		{4A726070-6908-4881-88F9-D87F2E61053C}.Release|Any CPU.ActiveCfg = Release|Any CPU
		{4A726070-6908-4881-88F9-D87F2E61053C}.Release|Any CPU.Build.0 = Release|Any CPU
		{B246376B-EAAF-44C6-AC15-DF993E80CAC0}.Debug|Any CPU.ActiveCfg = Debug|Any CPU
		{B246376B-EAAF-44C6-AC15-DF993E80CAC0}.Debug|Any CPU.Build.0 = Debug|Any CPU
		{B246376B-EAAF-44C6-AC15-DF993E80CAC0}.Release|Any CPU.ActiveCfg = Release|Any CPU
		{B246376B-EAAF-44C6-AC15-DF993E80CAC0}.Release|Any CPU.Build.0 = Release|Any CPU
	EndGlobalSection
	GlobalSection(SolutionProperties) = preSolution
		HideSolutionNode = FALSE
	EndGlobalSection
	GlobalSection(NestedProjects) = preSolution
		{FDA6E1B2-D7CD-42EC-83A4-CCF9E4CCB8B5} = {97CC9A27-42E6-47A4-B99C-5F1A1BCF8955}
		{04047519-A8FE-46FD-9CBF-9F508625ABBE} = {97CC9A27-42E6-47A4-B99C-5F1A1BCF8955}
		{C7BEB9FE-9ADE-4F2D-BD81-936FC1969ED7} = {E08D89B7-1BB4-48EB-8D62-495AC7FBF955}
		{E0300F81-304C-42C3-8E9E-41BF39A0B596} = {E08D89B7-1BB4-48EB-8D62-495AC7FBF955}
		{B3AAEACD-8860-4882-AB2E-0492EA2C3F41} = {E08D89B7-1BB4-48EB-8D62-495AC7FBF955}
		{4A726070-6908-4881-88F9-D87F2E61053C} = {E08D89B7-1BB4-48EB-8D62-495AC7FBF955}
		{19917020-6E17-4661-A06D-5ADC0A5572D2} = {E08D89B7-1BB4-48EB-8D62-495AC7FBF955}
		{B246376B-EAAF-44C6-AC15-DF993E80CAC0} = {19917020-6E17-4661-A06D-5ADC0A5572D2}
	EndGlobalSection
	GlobalSection(ExtensibilityGlobals) = postSolution
		SolutionGuid = {0E18E664-09E1-4B63-8F3F-40FA6842F309}
	EndGlobalSection
EndGlobal
